
Microsoft Visual Studio Solution File, Format Version 12.00
# Visual Studio 15
VisualStudioVersion = 15.0.28307.168
MinimumVisualStudioVersion = 10.0.40219.1
Project("{FAE04EC0-301F-11D3-BF4B-00C04F79EFBC}") = "Wordtrainer", "Wordtrainer\Wordtrainer.csproj", "{33A0E5F5-2DBE-429F-B2E2-E8D9C3E21092}"
EndProject
Global
	GlobalSection(SolutionConfigurationPlatforms) = preSolution
		Debug|Any CPU = Debug|Any CPU
		Release|Any CPU = Release|Any CPU
	EndGlobalSection
	GlobalSection(ProjectConfigurationPlatforms) = postSolution
		{33A0E5F5-2DBE-429F-B2E2-E8D9C3E21092}.Debug|Any CPU.ActiveCfg = Debug|Any CPU
		{33A0E5F5-2DBE-429F-B2E2-E8D9C3E21092}.Debug|Any CPU.Build.0 = Debug|Any CPU
		{33A0E5F5-2DBE-429F-B2E2-E8D9C3E21092}.Release|Any CPU.ActiveCfg = Release|Any CPU
		{33A0E5F5-2DBE-429F-B2E2-E8D9C3E21092}.Release|Any CPU.Build.0 = Release|Any CPU
	EndGlobalSection
	GlobalSection(SolutionProperties) = preSolution
		HideSolutionNode = FALSE
	EndGlobalSection
	GlobalSection(ExtensibilityGlobals) = postSolution
		SolutionGuid = {3770DB24-C2A2-4A37-8883-D591CB1EDD47}
	EndGlobalSection
EndGlobal
